
Microsoft Visual Studio Solution File, Format Version 12.00
# Visual Studio Version 16
VisualStudioVersion = 16.0.28803.156
MinimumVisualStudioVersion = 10.0.40219.1
Project("{FAE04EC0-301F-11D3-BF4B-00C04F79EFBC}") = "TripLog.Android", "TripLog\TripLog.Android\TripLog.Android.csproj", "{1DAB5DED-BCF5-48D1-801F-8752A05E6611}"
EndProject
Project("{FAE04EC0-301F-11D3-BF4B-00C04F79EFBC}") = "TripLog.iOS", "TripLog\TripLog.iOS\TripLog.iOS.csproj", "{7A1ECD50-D4A1-44B7-9884-03AC9FF39D62}"
EndProject
Project("{9A19103F-16F7-4668-BE54-9A1E7A4F7556}") = "TripLog", "TripLog\TripLog\TripLog.csproj", "{A555AAEB-D449-4217-8CD8-EFF3EF17B727}"
EndProject
Global
	GlobalSection(SolutionConfigurationPlatforms) = preSolution
		Debug|Any CPU = Debug|Any CPU
		Debug|ARM = Debug|ARM
		Debug|iPhone = Debug|iPhone
		Debug|iPhoneSimulator = Debug|iPhoneSimulator
		Debug|x64 = Debug|x64
		Debug|x86 = Debug|x86
		Release|Any CPU = Release|Any CPU
		Release|ARM = Release|ARM
		Release|iPhone = Release|iPhone
		Release|iPhoneSimulator = Release|iPhoneSimulator
		Release|x64 = Release|x64
		Release|x86 = Release|x86
	EndGlobalSection
	GlobalSection(ProjectConfigurationPlatforms) = postSolution
		{1DAB5DED-BCF5-48D1-801F-8752A05E6611}.Debug|Any CPU.ActiveCfg = Debug|Any CPU
		{1DAB5DED-BCF5-48D1-801F-8752A05E6611}.Debug|Any CPU.Build.0 = Debug|Any CPU
		{1DAB5DED-BCF5-48D1-801F-8752A05E6611}.Debug|Any CPU.Deploy.0 = Debug|Any CPU
		{1DAB5DED-BCF5-48D1-801F-8752A05E6611}.Debug|ARM.ActiveCfg = Debug|Any CPU
		{1DAB5DED-BCF5-48D1-801F-8752A05E6611}.Debug|ARM.Build.0 = Debug|Any CPU
		{1DAB5DED-BCF5-48D1-801F-8752A05E6611}.Debug|ARM.Deploy.0 = Debug|Any CPU
		{1DAB5DED-BCF5-48D1-801F-8752A05E6611}.Debug|iPhone.ActiveCfg = Debug|Any CPU
		{1DAB5DED-BCF5-48D1-801F-8752A05E6611}.Debug|iPhone.Build.0 = Debug|Any CPU
		{1DAB5DED-BCF5-48D1-801F-8752A05E6611}.Debug|iPhone.Deploy.0 = Debug|Any CPU
		{1DAB5DED-BCF5-48D1-801F-8752A05E6611}.Debug|iPhoneSimulator.ActiveCfg = Debug|Any CPU
		{1DAB5DED-BCF5-48D1-801F-8752A05E6611}.Debug|iPhoneSimulator.Build.0 = Debug|Any CPU
		{1DAB5DED-BCF5-48D1-801F-8752A05E6611}.Debug|iPhoneSimulator.Deploy.0 = Debug|Any CPU
		{1DAB5DED-BCF5-48D1-801F-8752A05E6611}.Debug|x64.ActiveCfg = Debug|Any CPU
		{1DAB5DED-BCF5-48D1-801F-8752A05E6611}.Debug|x64.Build.0 = Debug|Any CPU
		{1DAB5DED-BCF5-48D1-801F-8752A05E6611}.Debug|x64.Deploy.0 = Debug|Any CPU
		{1DAB5DED-BCF5-48D1-801F-8752A05E6611}.Debug|x86.ActiveCfg = Debug|Any CPU
		{1DAB5DED-BCF5-48D1-801F-8752A05E6611}.Debug|x86.Build.0 = Debug|Any CPU
		{1DAB5DED-BCF5-48D1-801F-8752A05E6611}.Debug|x86.Deploy.0 = Debug|Any CPU
		{1DAB5DED-BCF5-48D1-801F-8752A05E6611}.Release|Any CPU.ActiveCfg = Release|Any CPU
		{1DAB5DED-BCF5-48D1-801F-8752A05E6611}.Release|Any CPU.Build.0 = Release|Any CPU
		{1DAB5DED-BCF5-48D1-801F-8752A05E6611}.Release|Any CPU.Deploy.0 = Release|Any CPU
		{1DAB5DED-BCF5-48D1-801F-8752A05E6611}.Release|ARM.ActiveCfg = Release|Any CPU
		{1DAB5DED-BCF5-48D1-801F-8752A05E6611}.Release|ARM.Build.0 = Release|Any CPU
		{1DAB5DED-BCF5-48D1-801F-8752A05E6611}.Release|ARM.Deploy.0 = Release|Any CPU
		{1DAB5DED-BCF5-48D1-801F-8752A05E6611}.Release|iPhone.ActiveCfg = Release|Any CPU
		{1DAB5DED-BCF5-48D1-801F-8752A05E6611}.Release|iPhone.Build.0 = Release|Any CPU
		{1DAB5DED-BCF5-48D1-801F-8752A05E6611}.Release|iPhone.Deploy.0 = Release|Any CPU
		{1DAB5DED-BCF5-48D1-801F-8752A05E6611}.Release|iPhoneSimulator.ActiveCfg = Release|Any CPU
		{1DAB5DED-BCF5-48D1-801F-8752A05E6611}.Release|iPhoneSimulator.Build.0 = Release|Any CPU
		{1DAB5DED-BCF5-48D1-801F-8752A05E6611}.Release|iPhoneSimulator.Deploy.0 = Release|Any CPU
		{1DAB5DED-BCF5-48D1-801F-8752A05E6611}.Release|x64.ActiveCfg = Release|Any CPU
		{1DAB5DED-BCF5-48D1-801F-8752A05E6611}.Release|x64.Build.0 = Release|Any CPU
		{1DAB5DED-BCF5-48D1-801F-8752A05E6611}.Release|x64.Deploy.0 = Release|Any CPU
		{1DAB5DED-BCF5-48D1-801F-8752A05E6611}.Release|x86.ActiveCfg = Release|Any CPU
		{1DAB5DED-BCF5-48D1-801F-8752A05E6611}.Release|x86.Build.0 = Release|Any CPU
		{1DAB5DED-BCF5-48D1-801F-8752A05E6611}.Release|x86.Deploy.0 = Release|Any CPU
		{7A1ECD50-D4A1-44B7-9884-03AC9FF39D62}.Debug|Any CPU.ActiveCfg = Debug|iPhone
		{7A1ECD50-D4A1-44B7-9884-03AC9FF39D62}.Debug|Any CPU.Build.0 = Debug|iPhone
		{7A1ECD50-D4A1-44B7-9884-03AC9FF39D62}.Debug|Any CPU.Deploy.0 = Debug|iPhone
		{7A1ECD50-D4A1-44B7-9884-03AC9FF39D62}.Debug|ARM.ActiveCfg = Debug|iPhoneSimulator
		{7A1ECD50-D4A1-44B7-9884-03AC9FF39D62}.Debug|ARM.Build.0 = Debug|iPhoneSimulator
		{7A1ECD50-D4A1-44B7-9884-03AC9FF39D62}.Debug|ARM.Deploy.0 = Debug|iPhoneSimulator
		{7A1ECD50-D4A1-44B7-9884-03AC9FF39D62}.Debug|iPhone.ActiveCfg = Debug|iPhone
		{7A1ECD50-D4A1-44B7-9884-03AC9FF39D62}.Debug|iPhone.Build.0 = Debug|iPhone
		{7A1ECD50-D4A1-44B7-9884-03AC9FF39D62}.Debug|iPhone.Deploy.0 = Debug|iPhone
		{7A1ECD50-D4A1-44B7-9884-03AC9FF39D62}.Debug|iPhoneSimulator.ActiveCfg = Debug|iPhoneSimulator
		{7A1ECD50-D4A1-44B7-9884-03AC9FF39D62}.Debug|iPhoneSimulator.Build.0 = Debug|iPhoneSimulator
		{7A1ECD50-D4A1-44B7-9884-03AC9FF39D62}.Debug|iPhoneSimulator.Deploy.0 = Debug|iPhoneSimulator
		{7A1ECD50-D4A1-44B7-9884-03AC9FF39D62}.Debug|x64.ActiveCfg = Debug|iPhone
		{7A1ECD50-D4A1-44B7-9884-03AC9FF39D62}.Debug|x64.Build.0 = Debug|iPhone
		{7A1ECD50-D4A1-44B7-9884-03AC9FF39D62}.Debug|x64.Deploy.0 = Debug|iPhone
		{7A1ECD50-D4A1-44B7-9884-03AC9FF39D62}.Debug|x86.ActiveCfg = Debug|iPhone
		{7A1ECD50-D4A1-44B7-9884-03AC9FF39D62}.Debug|x86.Build.0 = Debug|iPhone
		{7A1ECD50-D4A1-44B7-9884-03AC9FF39D62}.Debug|x86.Deploy.0 = Debug|iPhone
		{7A1ECD50-D4A1-44B7-9884-03AC9FF39D62}.Release|Any CPU.ActiveCfg = Release|iPhone
		{7A1ECD50-D4A1-44B7-9884-03AC9FF39D62}.Release|Any CPU.Build.0 = Release|iPhone
		{7A1ECD50-D4A1-44B7-9884-03AC9FF39D62}.Release|Any CPU.Deploy.0 = Release|iPhone
		{7A1ECD50-D4A1-44B7-9884-03AC9FF39D62}.Release|ARM.ActiveCfg = Release|iPhone
		{7A1ECD50-D4A1-44B7-9884-03AC9FF39D62}.Release|ARM.Build.0 = Release|iPhone
		{7A1ECD50-D4A1-44B7-9884-03AC9FF39D62}.Release|ARM.Deploy.0 = Release|iPhone
		{7A1ECD50-D4A1-44B7-9884-03AC9FF39D62}.Release|iPhone.ActiveCfg = Release|iPhone
		{7A1ECD50-D4A1-44B7-9884-03AC9FF39D62}.Release|iPhone.Build.0 = Release|iPhone
		{7A1ECD50-D4A1-44B7-9884-03AC9FF39D62}.Release|iPhone.Deploy.0 = Release|iPhone
		{7A1ECD50-D4A1-44B7-9884-03AC9FF39D62}.Release|iPhoneSimulator.ActiveCfg = Release|iPhoneSimulator
		{7A1ECD50-D4A1-44B7-9884-03AC9FF39D62}.Release|iPhoneSimulator.Build.0 = Release|iPhoneSimulator
		{7A1ECD50-D4A1-44B7-9884-03AC9FF39D62}.Release|iPhoneSimulator.Deploy.0 = Release|iPhoneSimulator
		{7A1ECD50-D4A1-44B7-9884-03AC9FF39D62}.Release|x64.ActiveCfg = Release|iPhone
		{7A1ECD50-D4A1-44B7-9884-03AC9FF39D62}.Release|x64.Build.0 = Release|iPhone
		{7A1ECD50-D4A1-44B7-9884-03AC9FF39D62}.Release|x64.Deploy.0 = Release|iPhone
		{7A1ECD50-D4A1-44B7-9884-03AC9FF39D62}.Release|x86.ActiveCfg = Release|iPhone
		{7A1ECD50-D4A1-44B7-9884-03AC9FF39D62}.Release|x86.Build.0 = Release|iPhone
		{7A1ECD50-D4A1-44B7-9884-03AC9FF39D62}.Release|x86.Deploy.0 = Release|iPhone
		{A555AAEB-D449-4217-8CD8-EFF3EF17B727}.Debug|Any CPU.ActiveCfg = Debug|Any CPU
		{A555AAEB-D449-4217-8CD8-EFF3EF17B727}.Debug|Any CPU.Build.0 = Debug|Any CPU
		{A555AAEB-D449-4217-8CD8-EFF3EF17B727}.Debug|Any CPU.Deploy.0 = Debug|Any CPU
		{A555AAEB-D449-4217-8CD8-EFF3EF17B727}.Debug|ARM.ActiveCfg = Debug|Any CPU
		{A555AAEB-D449-4217-8CD8-EFF3EF17B727}.Debug|ARM.Build.0 = Debug|Any CPU
		{A555AAEB-D449-4217-8CD8-EFF3EF17B727}.Debug|ARM.Deploy.0 = Debug|Any CPU
		{A555AAEB-D449-4217-8CD8-EFF3EF17B727}.Debug|iPhone.ActiveCfg = Debug|Any CPU
		{A555AAEB-D449-4217-8CD8-EFF3EF17B727}.Debug|iPhone.Build.0 = Debug|Any CPU
		{A555AAEB-D449-4217-8CD8-EFF3EF17B727}.Debug|iPhone.Deploy.0 = Debug|Any CPU
		{A555AAEB-D449-4217-8CD8-EFF3EF17B727}.Debug|iPhoneSimulator.ActiveCfg = Debug|Any CPU
		{A555AAEB-D449-4217-8CD8-EFF3EF17B727}.Debug|iPhoneSimulator.Build.0 = Debug|Any CPU
		{A555AAEB-D449-4217-8CD8-EFF3EF17B727}.Debug|iPhoneSimulator.Deploy.0 = Debug|Any CPU
		{A555AAEB-D449-4217-8CD8-EFF3EF17B727}.Debug|x64.ActiveCfg = Debug|Any CPU
		{A555AAEB-D449-4217-8CD8-EFF3EF17B727}.Debug|x64.Build.0 = Debug|Any CPU
		{A555AAEB-D449-4217-8CD8-EFF3EF17B727}.Debug|x64.Deploy.0 = Debug|Any CPU
		{A555AAEB-D449-4217-8CD8-EFF3EF17B727}.Debug|x86.ActiveCfg = Debug|Any CPU
		{A555AAEB-D449-4217-8CD8-EFF3EF17B727}.Debug|x86.Build.0 = Debug|Any CPU
		{A555AAEB-D449-4217-8CD8-EFF3EF17B727}.Debug|x86.Deploy.0 = Debug|Any CPU
		{A555AAEB-D449-4217-8CD8-EFF3EF17B727}.Release|Any CPU.ActiveCfg = Release|Any CPU
		{A555AAEB-D449-4217-8CD8-EFF3EF17B727}.Release|Any CPU.Build.0 = Release|Any CPU
		{A555AAEB-D449-4217-8CD8-EFF3EF17B727}.Release|Any CPU.Deploy.0 = Release|Any CPU
		{A555AAEB-D449-4217-8CD8-EFF3EF17B727}.Release|ARM.ActiveCfg = Release|Any CPU
		{A555AAEB-D449-4217-8CD8-EFF3EF17B727}.Release|ARM.Build.0 = Release|Any CPU
		{A555AAEB-D449-4217-8CD8-EFF3EF17B727}.Release|ARM.Deploy.0 = Release|Any CPU
		{A555AAEB-D449-4217-8CD8-EFF3EF17B727}.Release|iPhone.ActiveCfg = Release|Any CPU
		{A555AAEB-D449-4217-8CD8-EFF3EF17B727}.Release|iPhone.Build.0 = Release|Any CPU
		{A555AAEB-D449-4217-8CD8-EFF3EF17B727}.Release|iPhone.Deploy.0 = Release|Any CPU
		{A555AAEB-D449-4217-8CD8-EFF3EF17B727}.Release|iPhoneSimulator.ActiveCfg = Release|Any CPU
		{A555AAEB-D449-4217-8CD8-EFF3EF17B727}.Release|iPhoneSimulator.Build.0 = Release|Any CPU
		{A555AAEB-D449-4217-8CD8-EFF3EF17B727}.Release|iPhoneSimulator.Deploy.0 = Release|Any CPU
		{A555AAEB-D449-4217-8CD8-EFF3EF17B727}.Release|x64.ActiveCfg = Release|Any CPU
		{A555AAEB-D449-4217-8CD8-EFF3EF17B727}.Release|x64.Build.0 = Release|Any CPU
		{A555AAEB-D449-4217-8CD8-EFF3EF17B727}.Release|x64.Deploy.0 = Release|Any CPU
		{A555AAEB-D449-4217-8CD8-EFF3EF17B727}.Release|x86.ActiveCfg = Release|Any CPU
		{A555AAEB-D449-4217-8CD8-EFF3EF17B727}.Release|x86.Build.0 = Release|Any CPU
		{A555AAEB-D449-4217-8CD8-EFF3EF17B727}.Release|x86.Deploy.0 = Release|Any CPU
	EndGlobalSection
	GlobalSection(SolutionProperties) = preSolution
		HideSolutionNode = FALSE
	EndGlobalSection
	GlobalSection(ExtensibilityGlobals) = postSolution
		SolutionGuid = {6C98BCA4-7C92-441E-B291-C09BF1F59F7D}
	EndGlobalSection
EndGlobal
